
Microsoft Visual Studio Solution File, Format Version 12.00
# Visual Studio Version 17
VisualStudioVersion = 17.8.34330.188
MinimumVisualStudioVersion = 10.0.40219.1
Project("{FAE04EC0-301F-11D3-BF4B-00C04F79EFBC}") = "Workspaces", "Workspaces.csproj", "{A2584ACB-7DC7-4682-ABC6-92D3BFE5A511}"
EndProject
Global
	GlobalSection(SolutionConfigurationPlatforms) = preSolution
		Debug|Any CPU = Debug|Any CPU
		Release|Any CPU = Release|Any CPU
	EndGlobalSection
	GlobalSection(ProjectConfigurationPlatforms) = postSolution
		{A2584ACB-7DC7-4682-ABC6-92D3BFE5A511}.Debug|Any CPU.ActiveCfg = Debug|Any CPU
		{A2584ACB-7DC7-4682-ABC6-92D3BFE5A511}.Debug|Any CPU.Build.0 = Debug|Any CPU
		{A2584ACB-7DC7-4682-ABC6-92D3BFE5A511}.Release|Any CPU.ActiveCfg = Release|Any CPU
		{A2584ACB-7DC7-4682-ABC6-92D3BFE5A511}.Release|Any CPU.Build.0 = Release|Any CPU
	EndGlobalSection
	GlobalSection(SolutionProperties) = preSolution
		HideSolutionNode = FALSE
	EndGlobalSection
	GlobalSection(ExtensibilityGlobals) = postSolution
		SolutionGuid = {DB5A1FAA-FC50-46C6-8BF8-F6CCDFFCE816}
	EndGlobalSection
EndGlobal
